
Microsoft Visual Studio Solution File, Format Version 12.00
# Visual Studio 15
VisualStudioVersion = 15.0.27130.2027
MinimumVisualStudioVersion = 10.0.40219.1
Project("{FAE04EC0-301F-11D3-BF4B-00C04F79EFBC}") = "01.RawData", "01.RawData\01.RawData.csproj", "{238D0621-0004-4E38-B586-38D79C1C3480}"
EndProject
Project("{FAE04EC0-301F-11D3-BF4B-00C04F79EFBC}") = "02.CarSalesman", "02.CarSalesman\02.CarSalesman.csproj", "{7B802843-3695-4A74-83F6-449411CF54F3}"
EndProject
Project("{FAE04EC0-301F-11D3-BF4B-00C04F79EFBC}") = "03.JediGalaxy", "03.JediGalaxy\03.JediGalaxy.csproj", "{6063B4B8-C723-4204-A8AE-FB43B63B10A6}"
EndProject
Project("{FAE04EC0-301F-11D3-BF4B-00C04F79EFBC}") = "04.Hospital", "04.Hospital\04.Hospital.csproj", "{40D4B42C-E0A7-4535-836D-201C6D67043A}"
EndProject
Global
	GlobalSection(SolutionConfigurationPlatforms) = preSolution
		Debug|Any CPU = Debug|Any CPU
		Release|Any CPU = Release|Any CPU
	EndGlobalSection
	GlobalSection(ProjectConfigurationPlatforms) = postSolution
		{238D0621-0004-4E38-B586-38D79C1C3480}.Debug|Any CPU.ActiveCfg = Debug|Any CPU
		{238D0621-0004-4E38-B586-38D79C1C3480}.Debug|Any CPU.Build.0 = Debug|Any CPU
		{238D0621-0004-4E38-B586-38D79C1C3480}.Release|Any CPU.ActiveCfg = Release|Any CPU
		{238D0621-0004-4E38-B586-38D79C1C3480}.Release|Any CPU.Build.0 = Release|Any CPU
		{7B802843-3695-4A74-83F6-449411CF54F3}.Debug|Any CPU.ActiveCfg = Debug|Any CPU
		{7B802843-3695-4A74-83F6-449411CF54F3}.Debug|Any CPU.Build.0 = Debug|Any CPU
		{7B802843-3695-4A74-83F6-449411CF54F3}.Release|Any CPU.ActiveCfg = Release|Any CPU
		{7B802843-3695-4A74-83F6-449411CF54F3}.Release|Any CPU.Build.0 = Release|Any CPU
		{6063B4B8-C723-4204-A8AE-FB43B63B10A6}.Debug|Any CPU.ActiveCfg = Debug|Any CPU
		{6063B4B8-C723-4204-A8AE-FB43B63B10A6}.Debug|Any CPU.Build.0 = Debug|Any CPU
		{6063B4B8-C723-4204-A8AE-FB43B63B10A6}.Release|Any CPU.ActiveCfg = Release|Any CPU
		{6063B4B8-C723-4204-A8AE-FB43B63B10A6}.Release|Any CPU.Build.0 = Release|Any CPU
		{40D4B42C-E0A7-4535-836D-201C6D67043A}.Debug|Any CPU.ActiveCfg = Debug|Any CPU
		{40D4B42C-E0A7-4535-836D-201C6D67043A}.Debug|Any CPU.Build.0 = Debug|Any CPU
		{40D4B42C-E0A7-4535-836D-201C6D67043A}.Release|Any CPU.ActiveCfg = Release|Any CPU
		{40D4B42C-E0A7-4535-836D-201C6D67043A}.Release|Any CPU.Build.0 = Release|Any CPU
	EndGlobalSection
	GlobalSection(SolutionProperties) = preSolution
		HideSolutionNode = FALSE
	EndGlobalSection
	GlobalSection(ExtensibilityGlobals) = postSolution
		SolutionGuid = {5D5AAC2A-1830-40F5-82AE-182356FA99A8}
	EndGlobalSection
EndGlobal
