
Microsoft Visual Studio Solution File, Format Version 12.00
# Visual Studio 15
VisualStudioVersion = 15.0.27130.2027
MinimumVisualStudioVersion = 10.0.40219.1
Project("{9A19103F-16F7-4668-BE54-9A1E7A4F7556}") = "01.People", "01.People\01.People.csproj", "{070F7986-8795-46AA-8091-8602515318C7}"
EndProject
Project("{FAE04EC0-301F-11D3-BF4B-00C04F79EFBC}") = "02.SalaryIncrease", "02.SalaryIncrease\02.SalaryIncrease.csproj", "{7B57A4E6-83FA-4971-9367-828691D6934C}"
EndProject
Global
	GlobalSection(SolutionConfigurationPlatforms) = preSolution
		Debug|Any CPU = Debug|Any CPU
		Release|Any CPU = Release|Any CPU
	EndGlobalSection
	GlobalSection(ProjectConfigurationPlatforms) = postSolution
		{070F7986-8795-46AA-8091-8602515318C7}.Debug|Any CPU.ActiveCfg = Debug|Any CPU
		{070F7986-8795-46AA-8091-8602515318C7}.Debug|Any CPU.Build.0 = Debug|Any CPU
		{070F7986-8795-46AA-8091-8602515318C7}.Release|Any CPU.ActiveCfg = Release|Any CPU
		{070F7986-8795-46AA-8091-8602515318C7}.Release|Any CPU.Build.0 = Release|Any CPU
		{7B57A4E6-83FA-4971-9367-828691D6934C}.Debug|Any CPU.ActiveCfg = Debug|Any CPU
		{7B57A4E6-83FA-4971-9367-828691D6934C}.Debug|Any CPU.Build.0 = Debug|Any CPU
		{7B57A4E6-83FA-4971-9367-828691D6934C}.Release|Any CPU.ActiveCfg = Release|Any CPU
		{7B57A4E6-83FA-4971-9367-828691D6934C}.Release|Any CPU.Build.0 = Release|Any CPU
	EndGlobalSection
	GlobalSection(SolutionProperties) = preSolution
		HideSolutionNode = FALSE
	EndGlobalSection
	GlobalSection(ExtensibilityGlobals) = postSolution
		SolutionGuid = {D5DDF555-ED20-41C1-840C-9C2544496140}
	EndGlobalSection
EndGlobal
