
Microsoft Visual Studio Solution File, Format Version 12.00
# Visual Studio 15
VisualStudioVersion = 15.0.27130.2036
MinimumVisualStudioVersion = 10.0.40219.1
Project("{FAE04EC0-301F-11D3-BF4B-00C04F79EFBC}") = "01.Shapes", "01.Shapes\01.Shapes.csproj", "{135DFA6D-C765-4D02-9EFD-FADCBED82F1A}"
EndProject
Global
	GlobalSection(SolutionConfigurationPlatforms) = preSolution
		Debug|Any CPU = Debug|Any CPU
		Release|Any CPU = Release|Any CPU
	EndGlobalSection
	GlobalSection(ProjectConfigurationPlatforms) = postSolution
		{135DFA6D-C765-4D02-9EFD-FADCBED82F1A}.Debug|Any CPU.ActiveCfg = Debug|Any CPU
		{135DFA6D-C765-4D02-9EFD-FADCBED82F1A}.Debug|Any CPU.Build.0 = Debug|Any CPU
		{135DFA6D-C765-4D02-9EFD-FADCBED82F1A}.Release|Any CPU.ActiveCfg = Release|Any CPU
		{135DFA6D-C765-4D02-9EFD-FADCBED82F1A}.Release|Any CPU.Build.0 = Release|Any CPU
	EndGlobalSection
	GlobalSection(SolutionProperties) = preSolution
		HideSolutionNode = FALSE
	EndGlobalSection
	GlobalSection(ExtensibilityGlobals) = postSolution
		SolutionGuid = {21027273-2D99-4844-BEA1-E3859DB68B9C}
	EndGlobalSection
EndGlobal
