
Microsoft Visual Studio Solution File, Format Version 12.00
# Visual Studio 15
VisualStudioVersion = 15.0.27130.2027
MinimumVisualStudioVersion = 10.0.40219.1
Project("{9A19103F-16F7-4668-BE54-9A1E7A4F7556}") = "01.DefineAClassPerson", "01.DefineAClassPerson\01.DefineAClassPerson.csproj", "{AA718931-9E7B-422F-AD74-D55EC531EA80}"
EndProject
Project("{9A19103F-16F7-4668-BE54-9A1E7A4F7556}") = "02.CreatingConstructors", "02.CreatingConstructors\02.CreatingConstructors.csproj", "{8490D22F-A3F4-49ED-BE2F-5A4B3DAE3C97}"
EndProject
Project("{9A19103F-16F7-4668-BE54-9A1E7A4F7556}") = "03.OldestFamilyMember", "03.OldestFamilyMember\03.OldestFamilyMember.csproj", "{09D56668-97CB-4604-B13D-8BA02BF74387}"
EndProject
Project("{9A19103F-16F7-4668-BE54-9A1E7A4F7556}") = "04.OpinionPoll", "04.OpinionPoll\04.OpinionPoll.csproj", "{936D77F7-2CDE-4855-90FA-4CC5A02A49B7}"
EndProject
Project("{9A19103F-16F7-4668-BE54-9A1E7A4F7556}") = "05.DateModifier", "05.DateModifier\05.DateModifier.csproj", "{8DFAABB5-EB87-44C1-9807-D3E62FA5BA28}"
EndProject
Project("{9A19103F-16F7-4668-BE54-9A1E7A4F7556}") = "06.CompanyRoster", "06.CompanyRoster\06.CompanyRoster.csproj", "{6413B3F6-0017-454A-BD85-26D404A331D7}"
EndProject
Project("{9A19103F-16F7-4668-BE54-9A1E7A4F7556}") = "07.SpeedRacing", "07.SpeedRacing\07.SpeedRacing.csproj", "{157EDD9C-1EAC-41FB-AAC4-56BF4D49C5A7}"
EndProject
Project("{9A19103F-16F7-4668-BE54-9A1E7A4F7556}") = "08.RawData", "08.RawData\08.RawData.csproj", "{444364FA-3FE2-4993-8A15-02538F0B9499}"
EndProject
Project("{9A19103F-16F7-4668-BE54-9A1E7A4F7556}") = "09.RectangleIntersection", "09.RectangleIntersection\09.RectangleIntersection.csproj", "{CABF42C9-C1A1-4E86-A729-139BF8B1A57A}"
EndProject
Project("{FAE04EC0-301F-11D3-BF4B-00C04F79EFBC}") = "10.CarSalesman", "10.CarSalesman\10.CarSalesman.csproj", "{5D67DE0E-68DA-4225-AC8F-389517750092}"
EndProject
Global
	GlobalSection(SolutionConfigurationPlatforms) = preSolution
		Debug|Any CPU = Debug|Any CPU
		Release|Any CPU = Release|Any CPU
	EndGlobalSection
	GlobalSection(ProjectConfigurationPlatforms) = postSolution
		{AA718931-9E7B-422F-AD74-D55EC531EA80}.Debug|Any CPU.ActiveCfg = Debug|Any CPU
		{AA718931-9E7B-422F-AD74-D55EC531EA80}.Debug|Any CPU.Build.0 = Debug|Any CPU
		{AA718931-9E7B-422F-AD74-D55EC531EA80}.Release|Any CPU.ActiveCfg = Release|Any CPU
		{AA718931-9E7B-422F-AD74-D55EC531EA80}.Release|Any CPU.Build.0 = Release|Any CPU
		{8490D22F-A3F4-49ED-BE2F-5A4B3DAE3C97}.Debug|Any CPU.ActiveCfg = Debug|Any CPU
		{8490D22F-A3F4-49ED-BE2F-5A4B3DAE3C97}.Debug|Any CPU.Build.0 = Debug|Any CPU
		{8490D22F-A3F4-49ED-BE2F-5A4B3DAE3C97}.Release|Any CPU.ActiveCfg = Release|Any CPU
		{8490D22F-A3F4-49ED-BE2F-5A4B3DAE3C97}.Release|Any CPU.Build.0 = Release|Any CPU
		{09D56668-97CB-4604-B13D-8BA02BF74387}.Debug|Any CPU.ActiveCfg = Debug|Any CPU
		{09D56668-97CB-4604-B13D-8BA02BF74387}.Debug|Any CPU.Build.0 = Debug|Any CPU
		{09D56668-97CB-4604-B13D-8BA02BF74387}.Release|Any CPU.ActiveCfg = Release|Any CPU
		{09D56668-97CB-4604-B13D-8BA02BF74387}.Release|Any CPU.Build.0 = Release|Any CPU
		{936D77F7-2CDE-4855-90FA-4CC5A02A49B7}.Debug|Any CPU.ActiveCfg = Debug|Any CPU
		{936D77F7-2CDE-4855-90FA-4CC5A02A49B7}.Debug|Any CPU.Build.0 = Debug|Any CPU
		{936D77F7-2CDE-4855-90FA-4CC5A02A49B7}.Release|Any CPU.ActiveCfg = Release|Any CPU
		{936D77F7-2CDE-4855-90FA-4CC5A02A49B7}.Release|Any CPU.Build.0 = Release|Any CPU
		{8DFAABB5-EB87-44C1-9807-D3E62FA5BA28}.Debug|Any CPU.ActiveCfg = Debug|Any CPU
		{8DFAABB5-EB87-44C1-9807-D3E62FA5BA28}.Debug|Any CPU.Build.0 = Debug|Any CPU
		{8DFAABB5-EB87-44C1-9807-D3E62FA5BA28}.Release|Any CPU.ActiveCfg = Release|Any CPU
		{8DFAABB5-EB87-44C1-9807-D3E62FA5BA28}.Release|Any CPU.Build.0 = Release|Any CPU
		{6413B3F6-0017-454A-BD85-26D404A331D7}.Debug|Any CPU.ActiveCfg = Debug|Any CPU
		{6413B3F6-0017-454A-BD85-26D404A331D7}.Debug|Any CPU.Build.0 = Debug|Any CPU
		{6413B3F6-0017-454A-BD85-26D404A331D7}.Release|Any CPU.ActiveCfg = Release|Any CPU
		{6413B3F6-0017-454A-BD85-26D404A331D7}.Release|Any CPU.Build.0 = Release|Any CPU
		{157EDD9C-1EAC-41FB-AAC4-56BF4D49C5A7}.Debug|Any CPU.ActiveCfg = Debug|Any CPU
		{157EDD9C-1EAC-41FB-AAC4-56BF4D49C5A7}.Debug|Any CPU.Build.0 = Debug|Any CPU
		{157EDD9C-1EAC-41FB-AAC4-56BF4D49C5A7}.Release|Any CPU.ActiveCfg = Release|Any CPU
		{157EDD9C-1EAC-41FB-AAC4-56BF4D49C5A7}.Release|Any CPU.Build.0 = Release|Any CPU
		{444364FA-3FE2-4993-8A15-02538F0B9499}.Debug|Any CPU.ActiveCfg = Debug|Any CPU
		{444364FA-3FE2-4993-8A15-02538F0B9499}.Debug|Any CPU.Build.0 = Debug|Any CPU
		{444364FA-3FE2-4993-8A15-02538F0B9499}.Release|Any CPU.ActiveCfg = Release|Any CPU
		{444364FA-3FE2-4993-8A15-02538F0B9499}.Release|Any CPU.Build.0 = Release|Any CPU
		{CABF42C9-C1A1-4E86-A729-139BF8B1A57A}.Debug|Any CPU.ActiveCfg = Debug|Any CPU
		{CABF42C9-C1A1-4E86-A729-139BF8B1A57A}.Debug|Any CPU.Build.0 = Debug|Any CPU
		{CABF42C9-C1A1-4E86-A729-139BF8B1A57A}.Release|Any CPU.ActiveCfg = Release|Any CPU
		{CABF42C9-C1A1-4E86-A729-139BF8B1A57A}.Release|Any CPU.Build.0 = Release|Any CPU
		{5D67DE0E-68DA-4225-AC8F-389517750092}.Debug|Any CPU.ActiveCfg = Debug|Any CPU
		{5D67DE0E-68DA-4225-AC8F-389517750092}.Debug|Any CPU.Build.0 = Debug|Any CPU
		{5D67DE0E-68DA-4225-AC8F-389517750092}.Release|Any CPU.ActiveCfg = Release|Any CPU
		{5D67DE0E-68DA-4225-AC8F-389517750092}.Release|Any CPU.Build.0 = Release|Any CPU
	EndGlobalSection
	GlobalSection(SolutionProperties) = preSolution
		HideSolutionNode = FALSE
	EndGlobalSection
	GlobalSection(ExtensibilityGlobals) = postSolution
		SolutionGuid = {77A93B7C-BAC9-4943-BB94-6647CC59A21D}
	EndGlobalSection
EndGlobal
