
Microsoft Visual Studio Solution File, Format Version 12.00
# Visual Studio 15
VisualStudioVersion = 15.0.27130.2036
MinimumVisualStudioVersion = 10.0.40219.1
Project("{9A19103F-16F7-4668-BE54-9A1E7A4F7556}") = "01.Person", "01.Person\01.Person.csproj", "{0222A4BC-6139-421A-9E65-4BF787375175}"
EndProject
Project("{9A19103F-16F7-4668-BE54-9A1E7A4F7556}") = "02.BookShop", "02.BookShop\02.BookShop.csproj", "{5B011FA0-DD22-455A-80C2-BB0A10B28350}"
EndProject
Project("{FAE04EC0-301F-11D3-BF4B-00C04F79EFBC}") = "03.Mankind", "03.Mankind\03.Mankind.csproj", "{65679833-7046-4B96-A381-5C2AAD3282DA}"
EndProject
Project("{FAE04EC0-301F-11D3-BF4B-00C04F79EFBC}") = "04.OnlineRadioDatabase", "04.OnlineRadioDatabase\04.OnlineRadioDatabase.csproj", "{00263A46-7AC0-4A6C-BE28-C74FF9321E6C}"
EndProject
Project("{FAE04EC0-301F-11D3-BF4B-00C04F79EFBC}") = "05.MordorsCruelPlan", "05.MordorsCruelPlan\05.MordorsCruelPlan.csproj", "{D14151D4-D950-41C1-84DD-BCFB9977D646}"
EndProject
Global
	GlobalSection(SolutionConfigurationPlatforms) = preSolution
		Debug|Any CPU = Debug|Any CPU
		Release|Any CPU = Release|Any CPU
	EndGlobalSection
	GlobalSection(ProjectConfigurationPlatforms) = postSolution
		{0222A4BC-6139-421A-9E65-4BF787375175}.Debug|Any CPU.ActiveCfg = Debug|Any CPU
		{0222A4BC-6139-421A-9E65-4BF787375175}.Debug|Any CPU.Build.0 = Debug|Any CPU
		{0222A4BC-6139-421A-9E65-4BF787375175}.Release|Any CPU.ActiveCfg = Release|Any CPU
		{0222A4BC-6139-421A-9E65-4BF787375175}.Release|Any CPU.Build.0 = Release|Any CPU
		{5B011FA0-DD22-455A-80C2-BB0A10B28350}.Debug|Any CPU.ActiveCfg = Debug|Any CPU
		{5B011FA0-DD22-455A-80C2-BB0A10B28350}.Debug|Any CPU.Build.0 = Debug|Any CPU
		{5B011FA0-DD22-455A-80C2-BB0A10B28350}.Release|Any CPU.ActiveCfg = Release|Any CPU
		{5B011FA0-DD22-455A-80C2-BB0A10B28350}.Release|Any CPU.Build.0 = Release|Any CPU
		{65679833-7046-4B96-A381-5C2AAD3282DA}.Debug|Any CPU.ActiveCfg = Debug|Any CPU
		{65679833-7046-4B96-A381-5C2AAD3282DA}.Debug|Any CPU.Build.0 = Debug|Any CPU
		{65679833-7046-4B96-A381-5C2AAD3282DA}.Release|Any CPU.ActiveCfg = Release|Any CPU
		{65679833-7046-4B96-A381-5C2AAD3282DA}.Release|Any CPU.Build.0 = Release|Any CPU
		{00263A46-7AC0-4A6C-BE28-C74FF9321E6C}.Debug|Any CPU.ActiveCfg = Debug|Any CPU
		{00263A46-7AC0-4A6C-BE28-C74FF9321E6C}.Debug|Any CPU.Build.0 = Debug|Any CPU
		{00263A46-7AC0-4A6C-BE28-C74FF9321E6C}.Release|Any CPU.ActiveCfg = Release|Any CPU
		{00263A46-7AC0-4A6C-BE28-C74FF9321E6C}.Release|Any CPU.Build.0 = Release|Any CPU
		{D14151D4-D950-41C1-84DD-BCFB9977D646}.Debug|Any CPU.ActiveCfg = Debug|Any CPU
		{D14151D4-D950-41C1-84DD-BCFB9977D646}.Debug|Any CPU.Build.0 = Debug|Any CPU
		{D14151D4-D950-41C1-84DD-BCFB9977D646}.Release|Any CPU.ActiveCfg = Release|Any CPU
		{D14151D4-D950-41C1-84DD-BCFB9977D646}.Release|Any CPU.Build.0 = Release|Any CPU
	EndGlobalSection
	GlobalSection(SolutionProperties) = preSolution
		HideSolutionNode = FALSE
	EndGlobalSection
	GlobalSection(ExtensibilityGlobals) = postSolution
		SolutionGuid = {1AF768BF-8DBD-41EA-9895-C9F9DD688ED3}
	EndGlobalSection
EndGlobal
